# This file was autogenerated by Stack.
# You should not edit this file by hand.
# For more information, please see the documentation at:
#   https://docs.haskellstack.org/en/stable/lock_files

packages:
- completed:
    hackage: servant-0.17@sha256:e78734cb6b75c5d1e52e8f5e16bc3f557154a580bbde4932a7e1a6a90da7eb04,5029
    pantry-tree:
      size: 2392
      sha256: 36561a606c35393386aa48b7cc2407fa4013aba62a19d69f004ec9c2010209aa
  original:
    hackage: servant-0.17
- completed:
    hackage: servant-server-0.17@sha256:1a5adf564f0b703535eb733f249b282ef2ca7b587a303c357b549fb88e7a6dcd,5388
    pantry-tree:
      size: 2460
      sha256: ea65ba54acb4362efedbfa7db616a51023579a6c83f18ab6d2ea6a84dea56021
  original:
    hackage: servant-server-0.17
- completed:
    hackage: servant-foreign-0.15.1@sha256:d911fe4a547e2afc356e35135d3359c3f080d693d00d58e01093cdd59ed8f5f0,2768
    pantry-tree:
      size: 590
      sha256: 88bf81ae968f263b8f1ba30b1288971732a2679dd284b2a17c3cc58bd741ac2f
  original:
    hackage: servant-foreign-0.15.1
- completed:
    hackage: sqlite-simple-0.4.18.0@sha256:3ceea56375c0a3590c814e411a4eb86943f8d31b93b110ca159c90689b6b39e5,3002
    pantry-tree:
      size: 1930
      sha256: e58b9955e483d51ee0966f8ba4384305d871480e2a38b32ee0fcd4573d74cf95
  original:
    hackage: sqlite-simple-0.4.18.0@sha256:3ceea56375c0a3590c814e411a4eb86943f8d31b93b110ca159c90689b6b39e5,3002
- completed:
    hackage: direct-sqlite-2.3.26@sha256:04e835402f1508abca383182023e4e2b9b86297b8533afbd4e57d1a5652e0c23,3718
    pantry-tree:
      size: 770
      sha256: 11874ab21e10c5b54cd1e02a037b677dc1e2ee9986f38c599612c56654dc01c3
  original:
    hackage: direct-sqlite-2.3.26@sha256:04e835402f1508abca383182023e4e2b9b86297b8533afbd4e57d1a5652e0c23,3718
snapshots:
- completed:
    size: 532386
    url: https://raw.githubusercontent.com/commercialhaskell/stackage-snapshots/master/lts/16/17.yaml
    sha256: d3ee1ae797cf63189c95cf27f00700304946c5cb3c1e6a82001cd6584a221e1b
  original: lts-16.17
