# This file was autogenerated by Stack.
# You should not edit this file by hand.
# For more information, please see the documentation at:
#   https://docs.haskellstack.org/en/stable/lock_files

packages:
- completed:
    hackage: servant-js-0.9.4.2@sha256:d66eb9f0800e283eba86cc9503b1095a05e4ad49be782269f71e0b9103a8d02b,3528
    pantry-tree:
      sha256: 5fa655af5e100d64f57d45e9b7d95f791664f0a5da2bee7cfab522f03aa55b7a
      size: 961
  original:
    hackage: servant-js-0.9.4.2@sha256:d66eb9f0800e283eba86cc9503b1095a05e4ad49be782269f71e0b9103a8d02b,3528
snapshots:
- completed:
    sha256: 8017c7970c2a8a9510c60cc70ac245d59e0c34eb932b91d37af09fe59855d854
    size: 640038
    url: https://raw.githubusercontent.com/commercialhaskell/stackage-snapshots/master/lts/21/13.yaml
  original: lts-21.13
